version = 1
revision = 3
requires-python = ">=3.8"

[[package]]
name = "basedpyright"
version = "1.37.3"
source = { registry = "https://pypi.org/simple" }
dependencies = [
    { name = "nodejs-wheel-binaries" },
]
sdist = { url = "https://files.pythonhosted.org/packages/e2/9f/aaaa202f2d7eaefaf5a4f297c80943d060c64db4753acb8003111d575c94/basedpyright-1.37.3.tar.gz", hash = "sha256:4cb4717a5686fba0c1e3156fe25e729d07e6912b68f9f67c33ea490d3f0d2a46", size = 25245208, upload-time = "2026-02-01T08:45:42.355Z" }
wheels = [
    { url = "https://files.pythonhosted.org/packages/f3/4f/b8fd24714cda878fd6b95e7ffc6051a864ac04bf2520d4622252df0abc9c/basedpyright-1.37.3-py3-none-any.whl", hash = "sha256:7064b2c811d9d79ebaa60ef65a2cdf292a9eb3c32dba9dee32660de2dbdd71e1", size = 12299378, upload-time = "2026-02-01T08:45:45.947Z" },
]

[[package]]
name = "brotli"
version = "1.2.0"
source = { registry = "https://pypi.org/simple" }
sdist = { url = "https://files.pythonhosted.org/packages/f7/16/c92ca344d646e71a43b8bb353f0a6490d7f6e06210f8554c8f874e454285/brotli-1.2.0.tar.gz", hash = "sha256:e310f77e41941c13340a95976fe66a8a95b01e783d430eeaf7a2f87e0a57dd0a", size = 7388632, upload-time = "2025-11-05T18:39:42.86Z" }
wheels = [
    { url = "https://files.pythonhosted.org/packages/64/10/a090475284fc4a71aed40a96f32e44a7fe5bda39687353dd977720b211b6/brotli-1.2.0-cp310-cp310-macosx_10_9_universal2.whl", hash = "sha256:3b90b767916ac44e93a8e28ce6adf8d551e43affb512f2377c732d486ac6514e", size = 863089, upload-time = "2025-11-05T18:38:01.181Z" },
    { url = "https://files.pythonhosted.org/packages/03/41/17416630e46c07ac21e378c3464815dd2e120b441e641bc516ac32cc51d2/brotli-1.2.0-cp310-cp310-macosx_10_9_x86_64.whl", hash = "sha256:6be67c19e0b0c56365c6a76e393b932fb0e78b3b56b711d180dd7013cb1fd984", size = 445442, upload-time = "2025-11-05T18:38:02.434Z" },
    { url = "https://files.pythonhosted.org/packages/24/31/90cc06584deb5d4fcafc0985e37741fc6b9717926a78674bbb3ce018957e/brotli-1.2.0-cp310-cp310-manylinux2014_aarch64.manylinux_2_17_aarch64.manylinux_2_28_aarch64.whl", hash = "sha256:0bbd5b5ccd157ae7913750476d48099aaf507a79841c0d04a9db4415b14842de", size = 1532658, upload-time = "2025-11-05T18:38:03.588Z" },
    { url = "https://files.pythonhosted.org/packages/62/17/33bf0c83bcbc96756dfd712201d87342732fad70bb3472c27e833a44a4f9/brotli-1.2.0-cp310-cp310-manylinux2014_ppc64le.manylinux_2_17_ppc64le.manylinux_2_28_ppc64le.whl", hash = "sha256:3f3c908bcc404c90c77d5a073e55271a0a498f4e0756e48127c35d91cf155947", size = 1631241, upload-time = "2025-11-05T18:38:04.582Z" },
    { url = "https://files.pythonhosted.org/packages/48/10/f47854a1917b62efe29bc98ac18e5d4f71df03f629184575b862ef2e743b/brotli-1.2.0-cp310-cp310-manylinux2014_x86_64.manylinux_2_17_x86_64.whl", hash = "sha256:1b557b29782a643420e08d75aea889462a4a8796e9a6cf5621ab05a3f7da8ef2", size = 1424307, upload-time = "2025-11-05T18:38:05.587Z" },
    { url = "https://files.pythonhosted.org/packages/e4/b7/f88eb461719259c17483484ea8456925ee057897f8e64487d76e24e5e38d/brotli-1.2.0-cp310-cp310-musllinux_1_2_aarch64.whl", hash = "sha256:81da1b229b1889f25adadc929aeb9dbc4e922bd18561b65b08dd9343cfccca84", size = 1488208, upload-time = "2025-11-05T18:38:06.613Z" },
    { url = "https://files.pythonhosted.org/packages/26/59/41bbcb983a0c48b0b8004203e74706c6b6e99a04f3c7ca6f4f41f364db50/brotli-1.2.0-cp310-cp310-musllinux_1_2_ppc64le.whl", hash = "sha256:ff09cd8c5eec3b9d02d2408db41be150d8891c5566addce57513bf546e3d6c6d", size = 1597574, upload-time = "2025-11-05T18:38:07.838Z" },
    { url = "https://files.pythonhosted.org/packages/8e/e6/8c89c3bdabbe802febb4c5c6ca224a395e97913b5df0dff11b54f23c1788/brotli-1.2.0-cp310-cp310-musllinux_1_2_x86_64.whl", hash = "sha256:a1778532b978d2536e79c05dac2d8cd857f6c55cd0c95ace5b03740824e0e2f1", size = 1492109, upload-time = "2025-11-05T18:38:08.816Z" },
    { url = "https://files.pythonhosted.org/packages/ed/9a/4b19d4310b2dbd545c0c33f176b0528fa68c3cd0754e34b2f2bcf56548ae/brotli-1.2.0-cp310-cp310-win32.whl", hash = "sha256:b232029d100d393ae3c603c8ffd7e3fe6f798c5e28ddca5feabb8e8fdb732997", size = 334461, upload-time = "2025-11-05T18:38:10.729Z" },
    { url = "https://files.pythonhosted.org/packages/ac/39/70981d9f47705e3c2b95c0847dfa3e7a37aa3b7c6030aedc4873081ed005/brotli-1.2.0-cp310-cp310-win_amd64.whl", hash = "sha256:ef87b8ab2704da227e83a246356a2b179ef826f550f794b2c52cddb4efbd0196", size = 369035, upload-time = "2025-11-05T18:38:11.827Z" },
    { url = "https://files.pythonhosted.org/packages/7a/ef/f285668811a9e1ddb47a18cb0b437d5fc2760d537a2fe8a57875ad6f8448/brotli-1.2.0-cp311-cp311-macosx_10_9_universal2.whl", hash = "sha256:15b33fe93cedc4caaff8a0bd1eb7e3dab1c61bb22a0bf5bdfdfd97cd7da79744", size = 863110, upload-time = "2025-11-05T18:38:12.978Z" },
    { url = "https://files.pythonhosted.org/packages/50/62/a3b77593587010c789a9d6eaa527c79e0848b7b860402cc64bc0bc28a86c/brotli-1.2.0-cp311-cp311-macosx_10_9_x86_64.whl", hash = "sha256:898be2be399c221d2671d29eed26b6b2713a02c2119168ed914e7d00ceadb56f", size = 445438, upload-time = "2025-11-05T18:38:14.208Z" },
    { url = "https://files.pythonhosted.org/packages/cd/e1/7fadd47f40ce5549dc44493877db40292277db373da5053aff181656e16e/brotli-1.2.0-cp311-cp311-manylinux2014_aarch64.manylinux_2_17_aarch64.manylinux_2_28_aarch64.whl", hash = "sha256:350c8348f0e76fff0a0fd6c26755d2653863279d086d3aa2c290a6a7251135dd", size = 1534420, upload-time = "2025-11-05T18:38:15.111Z" },
    { url = "https://files.pythonhosted.org/packages/12/8b/1ed2f64054a5a008a4ccd2f271dbba7a5fb1a3067a99f5ceadedd4c1d5a7/brotli-1.2.0-cp311-cp311-manylinux2014_ppc64le.manylinux_2_17_ppc64le.manylinux_2_28_ppc64le.whl", hash = "sha256:2e1ad3fda65ae0d93fec742a128d72e145c9c7a99ee2fcd667785d99eb25a7fe", size = 1632619, upload-time = "2025-11-05T18:38:16.094Z" },
    { url = "https://files.pythonhosted.org/packages/89/5a/7071a621eb2d052d64efd5da2ef55ecdac7c3b0c6e4f9d519e9c66d987ef/brotli-1.2.0-cp311-cp311-manylinux2014_x86_64.manylinux_2_17_x86_64.whl", hash = "sha256:40d918bce2b427a0c4ba189df7a006ac0c7277c180aee4617d99e9ccaaf59e6a", size = 1426014, upload-time = "2025-11-05T18:38:17.177Z" },
    { url = "https://files.pythonhosted.org/packages/26/6d/0971a8ea435af5156acaaccec1a505f981c9c80227633851f2810abd252a/brotli-1.2.0-cp311-cp311-musllinux_1_2_aarch64.whl", hash = "sha256:2a7f1d03727130fc875448b65b127a9ec5d06d19d0148e7554384229706f9d1b", size = 1489661, upload-time = "2025-11-05T18:38:18.41Z" },
    { url = "https://files.pythonhosted.org/packages/f3/75/c1baca8b4ec6c96a03ef8230fab2a785e35297632f402ebb1e78a1e39116/brotli-1.2.0-cp311-cp311-musllinux_1_2_ppc64le.whl", hash = "sha256:9c79f57faa25d97900bfb119480806d783fba83cd09ee0b33c17623935b05fa3", size = 1599150, upload-time = "2025-11-05T18:38:19.792Z" },
    { url = "https://files.pythonhosted.org/packages/0d/1a/23fcfee1c324fd48a63d7ebf4bac3a4115bdb1b00e600f80f727d850b1ae/brotli-1.2.0-cp311-cp311-musllinux_1_2_x86_64.whl", hash = "sha256:844a8ceb8483fefafc412f85c14f2aae2fb69567bf2a0de53cdb88b73e7c43ae", size = 1493505, upload-time = "2025-11-05T18:38:20.913Z" },
    { url = "https://files.pythonhosted.org/packages/36/e5/12904bbd36afeef53d45a84881a4810ae8810ad7e328a971ebbfd760a0b3/brotli-1.2.0-cp311-cp311-win32.whl", hash = "sha256:aa47441fa3026543513139cb8926a92a8e305ee9c71a6209ef7a97d91640ea03", size = 334451, upload-time = "2025-11-05T18:38:21.94Z" },
    { url = "https://files.pythonhosted.org/packages/02/8b/ecb5761b989629a4758c394b9301607a5880de61ee2ee5fe104b87149ebc/brotli-1.2.0-cp311-cp311-win_amd64.whl", hash = "sha256:022426c9e99fd65d9475dce5c195526f04bb8be8907607e27e747893f6ee3e24", size = 369035, upload-time = "2025-11-05T18:38:22.941Z" },
    { url = "https://files.pythonhosted.org/packages/11/ee/b0a11ab2315c69bb9b45a2aaed022499c9c24a205c3a49c3513b541a7967/brotli-1.2.0-cp312-cp312-macosx_10_13_universal2.whl", hash = "sha256:35d382625778834a7f3061b15423919aa03e4f5da34ac8e02c074e4b75ab4f84", size = 861543, upload-time = "2025-11-05T18:38:24.183Z" },
    { url = "https://files.pythonhosted.org/packages/e1/2f/29c1459513cd35828e25531ebfcbf3e92a5e49f560b1777a9af7203eb46e/brotli-1.2.0-cp312-cp312-macosx_10_13_x86_64.whl", hash = "sha256:7a61c06b334bd99bc5ae84f1eeb36bfe01400264b3c352f968c6e30a10f9d08b", size = 444288, upload-time = "2025-11-05T18:38:25.139Z" },
    { url = "https://files.pythonhosted.org/packages/3d/6f/feba03130d5fceadfa3a1bb102cb14650798c848b1df2a808356f939bb16/brotli-1.2.0-cp312-cp312-manylinux2014_aarch64.manylinux_2_17_aarch64.manylinux_2_28_aarch64.whl", hash = "sha256:acec55bb7c90f1dfc476126f9711a8e81c9af7fb617409a9ee2953115343f08d", size = 1528071, upload-time = "2025-11-05T18:38:26.081Z" },
    { url = "https://files.pythonhosted.org/packages/2b/38/f3abb554eee089bd15471057ba85f47e53a44a462cfce265d9bf7088eb09/brotli-1.2.0-cp312-cp312-manylinux2014_ppc64le.manylinux_2_17_ppc64le.manylinux_2_28_ppc64le.whl", hash = "sha256:260d3692396e1895c5034f204f0db022c056f9e2ac841593a4cf9426e2a3faca", size = 1626913, upload-time = "2025-11-05T18:38:27.284Z" },
    { url = "https://files.pythonhosted.org/packages/03/a7/03aa61fbc3c5cbf99b44d158665f9b0dd3d8059be16c460208d9e385c837/brotli-1.2.0-cp312-cp312-manylinux2014_x86_64.manylinux_2_17_x86_64.whl", hash = "sha256:072e7624b1fc4d601036ab3f4f27942ef772887e876beff0301d261210bca97f", size = 1419762, upload-time = "2025-11-05T18:38:28.295Z" },
    { url = "https://files.pythonhosted.org/packages/21/1b/0374a89ee27d152a5069c356c96b93afd1b94eae83f1e004b57eb6ce2f10/brotli-1.2.0-cp312-cp312-musllinux_1_2_aarch64.whl", hash = "sha256:adedc4a67e15327dfdd04884873c6d5a01d3e3b6f61406f99b1ed4865a2f6d28", size = 1484494, upload-time = "2025-11-05T18:38:29.29Z" },
    { url = "https://files.pythonhosted.org/packages/cf/57/69d4fe84a67aef4f524dcd075c6eee868d7850e85bf01d778a857d8dbe0a/brotli-1.2.0-cp312-cp312-musllinux_1_2_ppc64le.whl", hash = "sha256:7a47ce5c2288702e09dc22a44d0ee6152f2c7eda97b3c8482d826a1f3cfc7da7", size = 1593302, upload-time = "2025-11-05T18:38:30.639Z" },
    { url = "https://files.pythonhosted.org/packages/d5/3b/39e13ce78a8e9a621c5df3aeb5fd181fcc8caba8c48a194cd629771f6828/brotli-1.2.0-cp312-cp312-musllinux_1_2_x86_64.whl", hash = "sha256:af43b8711a8264bb4e7d6d9a6d004c3a2019c04c01127a868709ec29962b6036", size = 1487913, upload-time = "2025-11-05T18:38:31.618Z" },
    { url = "https://files.pythonhosted.org/packages/62/28/4d00cb9bd76a6357a66fcd54b4b6d70288385584063f4b07884c1e7286ac/brotli-1.2.0-cp312-cp312-win32.whl", hash = "sha256:e99befa0b48f3cd293dafeacdd0d191804d105d279e0b387a32054c1180f3161", size = 334362, upload-time = "2025-11-05T18:38:32.939Z" },
    { url = "https://files.pythonhosted.org/packages/1c/4e/bc1dcac9498859d5e353c9b153627a3752868a9d5f05ce8dedd81a2354ab/brotli-1.2.0-cp312-cp312-win_amd64.whl", hash = "sha256:b35c13ce241abdd44cb8ca70683f20c0c079728a36a996297adb5334adfc1c44", size = 369115, upload-time = "2025-11-05T18:38:33.765Z" },
    { url = "https://files.pythonhosted.org/packages/6c/d4/4ad5432ac98c73096159d9ce7ffeb82d151c2ac84adcc6168e476bb54674/brotli-1.2.0-cp313-cp313-macosx_10_13_universal2.whl", hash = "sha256:9e5825ba2c9998375530504578fd4d5d1059d09621a02065d1b6bfc41a8e05ab", size = 861523, upload-time = "2025-11-05T18:38:34.67Z" },
    { url = "https://files.pythonhosted.org/packages/91/9f/9cc5bd03ee68a85dc4bc89114f7067c056a3c14b3d95f171918c088bf88d/brotli-1.2.0-cp313-cp313-macosx_10_13_x86_64.whl", hash = "sha256:0cf8c3b8ba93d496b2fae778039e2f5ecc7cff99df84df337ca31d8f2252896c", size = 444289, upload-time = "2025-11-05T18:38:35.6Z" },
    { url = "https://files.pythonhosted.org/packages/2e/b6/fe84227c56a865d16a6614e2c4722864b380cb14b13f3e6bef441e73a85a/brotli-1.2.0-cp313-cp313-manylinux2014_aarch64.manylinux_2_17_aarch64.manylinux_2_28_aarch64.whl", hash = "sha256:c8565e3cdc1808b1a34714b553b262c5de5fbda202285782173ec137fd13709f", size = 1528076, upload-time = "2025-11-05T18:38:36.639Z" },
    { url = "https://files.pythonhosted.org/packages/55/de/de4ae0aaca06c790371cf6e7ee93a024f6b4bb0568727da8c3de112e726c/brotli-1.2.0-cp313-cp313-manylinux2014_ppc64le.manylinux_2_17_ppc64le.manylinux_2_28_ppc64le.whl", hash = "sha256:26e8d3ecb0ee458a9804f47f21b74845cc823fd1bb19f02272be70774f56e2a6", size = 1626880, upload-time = "2025-11-05T18:38:37.623Z" },
    { url = "https://files.pythonhosted.org/packages/5f/16/a1b22cbea436642e071adcaf8d4b350a2ad02f5e0ad0da879a1be16188a0/brotli-1.2.0-cp313-cp313-manylinux2014_x86_64.manylinux_2_17_x86_64.whl", hash = "sha256:67a91c5187e1eec76a61625c77a6c8c785650f5b576ca732bd33ef58b0dff49c", size = 1419737, upload-time = "2025-11-05T18:38:38.729Z" },
    { url = "https://files.pythonhosted.org/packages/46/63/c968a97cbb3bdbf7f974ef5a6ab467a2879b82afbc5ffb65b8acbb744f95/brotli-1.2.0-cp313-cp313-musllinux_1_2_aarch64.whl", hash = "sha256:4ecdb3b6dc36e6d6e14d3a1bdc6c1057c8cbf80db04031d566eb6080ce283a48", size = 1484440, upload-time = "2025-11-05T18:38:39.916Z" },
    { url = "https://files.pythonhosted.org/packages/06/9d/102c67ea5c9fc171f423e8399e585dabea29b5bc79b05572891e70013cdd/brotli-1.2.0-cp313-cp313-musllinux_1_2_ppc64le.whl", hash = "sha256:3e1b35d56856f3ed326b140d3c6d9db91740f22e14b06e840fe4bb1923439a18", size = 1593313, upload-time = "2025-11-05T18:38:41.24Z" },
    { url = "https://files.pythonhosted.org/packages/9e/4a/9526d14fa6b87bc827ba1755a8440e214ff90de03095cacd78a64abe2b7d/brotli-1.2.0-cp313-cp313-musllinux_1_2_x86_64.whl", hash = "sha256:54a50a9dad16b32136b2241ddea9e4df159b41247b2ce6aac0b3276a66a8f1e5", size = 1487945, upload-time = "2025-11-05T18:38:42.277Z" },
    { url = "https://files.pythonhosted.org/packages/5b/e8/3fe1ffed70cbef83c5236166acaed7bb9c766509b157854c80e2f766b38c/brotli-1.2.0-cp313-cp313-win32.whl", hash = "sha256:1b1d6a4efedd53671c793be6dd760fcf2107da3a52331ad9ea429edf0902f27a", size = 334368, upload-time = "2025-11-05T18:38:43.345Z" },
    { url = "https://files.pythonhosted.org/packages/ff/91/e739587be970a113b37b821eae8097aac5a48e5f0eca438c22e4c7dd8648/brotli-1.2.0-cp313-cp313-win_amd64.whl", hash = "sha256:b63daa43d82f0cdabf98dee215b375b4058cce72871fd07934f179885aad16e8", size = 369116, upload-time = "2025-11-05T18:38:44.609Z" },
    { url = "https://files.pythonhosted.org/packages/17/e1/298c2ddf786bb7347a1cd71d63a347a79e5712a7c0cba9e3c3458ebd976f/brotli-1.2.0-cp314-cp314-macosx_10_15_universal2.whl", hash = "sha256:6c12dad5cd04530323e723787ff762bac749a7b256a5bece32b2243dd5c27b21", size = 863080, upload-time = "2025-11-05T18:38:45.503Z" },
    { url = "https://files.pythonhosted.org/packages/84/0c/aac98e286ba66868b2b3b50338ffbd85a35c7122e9531a73a37a29763d38/brotli-1.2.0-cp314-cp314-macosx_10_15_x86_64.whl", hash = "sha256:3219bd9e69868e57183316ee19c84e03e8f8b5a1d1f2667e1aa8c2f91cb061ac", size = 445453, upload-time = "2025-11-05T18:38:46.433Z" },
    { url = "https://files.pythonhosted.org/packages/ec/f1/0ca1f3f99ae300372635ab3fe2f7a79fa335fee3d874fa7f9e68575e0e62/brotli-1.2.0-cp314-cp314-manylinux2014_aarch64.manylinux_2_17_aarch64.manylinux_2_28_aarch64.whl", hash = "sha256:963a08f3bebd8b75ac57661045402da15991468a621f014be54e50f53a58d19e", size = 1528168, upload-time = "2025-11-05T18:38:47.371Z" },
    { url = "https://files.pythonhosted.org/packages/d6/a6/2ebfc8f766d46df8d3e65b880a2e220732395e6d7dc312c1e1244b0f074a/brotli-1.2.0-cp314-cp314-manylinux2014_ppc64le.manylinux_2_17_ppc64le.manylinux_2_28_ppc64le.whl", hash = "sha256:9322b9f8656782414b37e6af884146869d46ab85158201d82bab9abbcb971dc7", size = 1627098, upload-time = "2025-11-05T18:38:48.385Z" },
    { url = "https://files.pythonhosted.org/packages/f3/2f/0976d5b097ff8a22163b10617f76b2557f15f0f39d6a0fe1f02b1a53e92b/brotli-1.2.0-cp314-cp314-manylinux2014_x86_64.manylinux_2_17_x86_64.whl", hash = "sha256:cf9cba6f5b78a2071ec6fb1e7bd39acf35071d90a81231d67e92d637776a6a63", size = 1419861, upload-time = "2025-11-05T18:38:49.372Z" },
    { url = "https://files.pythonhosted.org/packages/9c/97/d76df7176a2ce7616ff94c1fb72d307c9a30d2189fe877f3dd99af00ea5a/brotli-1.2.0-cp314-cp314-musllinux_1_2_aarch64.whl", hash = "sha256:7547369c4392b47d30a3467fe8c3330b4f2e0f7730e45e3103d7d636678a808b", size = 1484594, upload-time = "2025-11-05T18:38:50.655Z" },
    { url = "https://files.pythonhosted.org/packages/d3/93/14cf0b1216f43df5609f5b272050b0abd219e0b54ea80b47cef9867b45e7/brotli-1.2.0-cp314-cp314-musllinux_1_2_ppc64le.whl", hash = "sha256:fc1530af5c3c275b8524f2e24841cbe2599d74462455e9bae5109e9ff42e9361", size = 1593455, upload-time = "2025-11-05T18:38:51.624Z" },
    { url = "https://files.pythonhosted.org/packages/b3/73/3183c9e41ca755713bdf2cc1d0810df742c09484e2e1ddd693bee53877c1/brotli-1.2.0-cp314-cp314-musllinux_1_2_x86_64.whl", hash = "sha256:d2d085ded05278d1c7f65560aae97b3160aeb2ea2c0b3e26204856beccb60888", size = 1488164, upload-time = "2025-11-05T18:38:53.079Z" },
    { url = "https://files.pythonhosted.org/packages/64/6a/0c78d8f3a582859236482fd9fa86a65a60328a00983006bcf6d83b7b2253/brotli-1.2.0-cp314-cp314-win32.whl", hash = "sha256:832c115a020e463c2f67664560449a7bea26b0c1fdd690352addad6d0a08714d", size = 339280, upload-time = "2025-11-05T18:38:54.02Z" },
    { url = "https://files.pythonhosted.org/packages/f5/10/56978295c14794b2c12007b07f3e41ba26acda9257457d7085b0bb3bb90c/brotli-1.2.0-cp314-cp314-win_amd64.whl", hash = "sha256:e7c0af964e0b4e3412a0ebf341ea26ec767fa0b4cf81abb5e897c9338b5ad6a3", size = 375639, upload-time = "2025-11-05T18:38:55.67Z" },
    { url = "https://files.pythonhosted.org/packages/61/7c/cf2ccfd9c80fb7d8b6d150910f52340560b8b7f0a08a290c4d8e1a48c92c/brotli-1.2.0-cp38-cp38-macosx_10_9_universal2.whl", hash = "sha256:ac27a70bda257ae3f380ec8310b0a06680236bea547756c277b5dfe55a2452a8", size = 862832, upload-time = "2025-11-05T18:39:20.436Z" },
    { url = "https://files.pythonhosted.org/packages/f0/e6/0f0e1203b7582780ec96ec5c8515649a293198ab922a7c5704cc942cd465/brotli-1.2.0-cp38-cp38-macosx_10_9_x86_64.whl", hash = "sha256:e813da3d2d865e9793ef681d3a6b66fa4b7c19244a45b817d0cceda67e615990", size = 445138, upload-time = "2025-11-05T18:39:21.404Z" },
    { url = "https://files.pythonhosted.org/packages/8a/cc/fdad88c7294f9624afc97d4405bfde90aa7c5492ffce64f1528b68aa00d4/brotli-1.2.0-cp38-cp38-manylinux2014_aarch64.manylinux_2_17_aarch64.manylinux_2_28_aarch64.whl", hash = "sha256:9fe11467c42c133f38d42289d0861b6b4f9da31e8087ca2c0d7ebb4543625526", size = 1532980, upload-time = "2025-11-05T18:39:22.45Z" },
    { url = "https://files.pythonhosted.org/packages/cc/0a/7cadc1488f4092c98e944963f2a7be0253cfe319e914fb30a5cde437383b/brotli-1.2.0-cp38-cp38-manylinux2014_ppc64le.manylinux_2_17_ppc64le.manylinux_2_28_ppc64le.whl", hash = "sha256:c0d6770111d1879881432f81c369de5cde6e9467be7c682a983747ec800544e2", size = 1632065, upload-time = "2025-11-05T18:39:23.473Z" },
    { url = "https://files.pythonhosted.org/packages/83/e9/bebdffc0cf66a833b5f5f397cf2c32f243957f57e2fbd42d6f488041d6ad/brotli-1.2.0-cp38-cp38-manylinux2014_x86_64.manylinux_2_17_x86_64.whl", hash = "sha256:eda5a6d042c698e28bda2507a89b16555b9aa954ef1d750e1c20473481aff675", size = 1425136, upload-time = "2025-11-05T18:39:24.51Z" },
    { url = "https://files.pythonhosted.org/packages/5e/74/50088d9c9d9025a3d4cbea1e755218b67b178117d042851d21983f404eae/brotli-1.2.0-cp38-cp38-musllinux_1_2_aarch64.whl", hash = "sha256:3173e1e57cebb6d1de186e46b5680afbd82fd4301d7b2465beebe83ed317066d", size = 1488420, upload-time = "2025-11-05T18:39:25.524Z" },
    { url = "https://files.pythonhosted.org/packages/66/2c/540144bbbebddd283b48016a814e37d52748494e744d8796e54d9f123f39/brotli-1.2.0-cp38-cp38-musllinux_1_2_ppc64le.whl", hash = "sha256:71a66c1c9be66595d628467401d5976158c97888c2c9379c034e1e2312c5b4f5", size = 1597824, upload-time = "2025-11-05T18:39:26.636Z" },
    { url = "https://files.pythonhosted.org/packages/1e/28/a24c14e01ed860ae3052c4f314fb72e9c6ff1ffc12a7de090d34b02a43d0/brotli-1.2.0-cp38-cp38-musllinux_1_2_x86_64.whl", hash = "sha256:1e68cdf321ad05797ee41d1d09169e09d40fdf51a725bb148bff892ce04583d7", size = 1492106, upload-time = "2025-11-05T18:39:28.053Z" },
    { url = "https://files.pythonhosted.org/packages/55/6f/9d60ca3ae20968ce8a5c298b6ba644e2a2d70bfd029b9eba47576832810b/brotli-1.2.0-cp38-cp38-win32.whl", hash = "sha256:f16dace5e4d3596eaeb8af334b4d2c820d34b8278da633ce4a00020b2eac981c", size = 334359, upload-time = "2025-11-05T18:39:29.063Z" },
    { url = "https://files.pythonhosted.org/packages/b9/11/cb28bc4165959983ce5322f30af058c6987b23cb6137a685402c22ec66b1/brotli-1.2.0-cp38-cp38-win_amd64.whl", hash = "sha256:14ef29fc5f310d34fc7696426071067462c9292ed98b5ff5a27ac70a200e5470", size = 368931, upload-time = "2025-11-05T18:39:30.314Z" },
    { url = "https://files.pythonhosted.org/packages/0f/1d/7787912f3fd30845d2927241bcd5aa2a9fde45b3e866394ee8155e49f612/brotli-1.2.0-cp39-cp39-macosx_10_9_universal2.whl", hash = "sha256:8d4f47f284bdd28629481c97b5f29ad67544fa258d9091a6ed1fda47c7347cd1", size = 862928, upload-time = "2025-11-05T18:39:31.398Z" },
    { url = "https://files.pythonhosted.org/packages/d8/29/663fd4195dbbd90aa118874dd67ca438ba0ac039d67902ff46c7105196f3/brotli-1.2.0-cp39-cp39-macosx_10_9_x86_64.whl", hash = "sha256:2881416badd2a88a7a14d981c103a52a23a276a553a8aacc1346c2ff47c8dc17", size = 445365, upload-time = "2025-11-05T18:39:32.42Z" },
    { url = "https://files.pythonhosted.org/packages/96/14/d57282ff7da3e9238899c1bebb5f1d94265a1b76002f8a984ef5826d8ae8/brotli-1.2.0-cp39-cp39-manylinux2014_aarch64.manylinux_2_17_aarch64.manylinux_2_28_aarch64.whl", hash = "sha256:2d39b54b968f4b49b5e845758e202b1035f948b0561ff5e6385e855c96625971", size = 1531224, upload-time = "2025-11-05T18:39:33.364Z" },
    { url = "https://files.pythonhosted.org/packages/25/1a/ea1b65a92e0e317306b8b207757c0e21376b14984cfd8d4c746a0efe7ed1/brotli-1.2.0-cp39-cp39-manylinux2014_ppc64le.manylinux_2_17_ppc64le.manylinux_2_28_ppc64le.whl", hash = "sha256:95db242754c21a88a79e01504912e537808504465974ebb92931cfca2510469e", size = 1630502, upload-time = "2025-11-05T18:39:34.359Z" },
    { url = "https://files.pythonhosted.org/packages/6a/a4/68cd62219295ab8844731ebf64a5c60ba84358c62b130a5077ea90e2a73a/brotli-1.2.0-cp39-cp39-manylinux2014_x86_64.manylinux_2_17_x86_64.whl", hash = "sha256:bba6e7e6cfe1e6cb6eb0b7c2736a6059461de1fa2c0ad26cf845de6c078d16c8", size = 1423310, upload-time = "2025-11-05T18:39:35.717Z" },
    { url = "https://files.pythonhosted.org/packages/a1/1d/e0b2a429cbe50f673cb318debd42297525e08add574677cce78c99041747/brotli-1.2.0-cp39-cp39-musllinux_1_2_aarch64.whl", hash = "sha256:88ef7d55b7bcf3331572634c3fd0ed327d237ceb9be6066810d39020a3ebac7a", size = 1487431, upload-time = "2025-11-05T18:39:37.149Z" },
    { url = "https://files.pythonhosted.org/packages/af/28/b8ddaf1b719818c22344f03ff2add71e387223408ea0a95f56f6ef8b8f5d/brotli-1.2.0-cp39-cp39-musllinux_1_2_ppc64le.whl", hash = "sha256:7fa18d65a213abcfbb2f6cafbb4c58863a8bd6f2103d65203c520ac117d1944b", size = 1596969, upload-time = "2025-11-05T18:39:38.395Z" },
    { url = "https://files.pythonhosted.org/packages/b8/a6/c790ef38cd49a9e27798a4b12681175f8c06cc76440e9deac22592fa7cd8/brotli-1.2.0-cp39-cp39-musllinux_1_2_x86_64.whl", hash = "sha256:09ac247501d1909e9ee47d309be760c89c990defbb2e0240845c892ea5ff0de4", size = 1491229, upload-time = "2025-11-05T18:39:39.506Z" },
    { url = "https://files.pythonhosted.org/packages/3e/d3/c09cc2348d1c92845752967cedd881fa7865d270caeab9153453037a872b/brotli-1.2.0-cp39-cp39-win32.whl", hash = "sha256:c25332657dee6052ca470626f18349fc1fe8855a56218e19bd7a8c6ad4952c49", size = 334437, upload-time = "2025-11-05T18:39:40.534Z" },
    { url = "https://files.pythonhosted.org/packages/1b/df/e7c780e463ee7bd7951770692bbea5a605f56b9809ec7f6ce751d7b2ee88/brotli-1.2.0-cp39-cp39-win_amd64.whl", hash = "sha256:1ce223652fd4ed3eb2b7f78fbea31c52314baecfac68db44037bb4167062a937", size = 369008, upload-time = "2025-11-05T18:39:41.515Z" },
]

[[package]]
name = "brotli-stubs"
version = "1.2.0"
source = { editable = "." }
dependencies = [
    { name = "brotli" },
]

[package.dev-dependencies]
dev = [
    { name = "basedpyright" },
    { name = "ruff" },
]

[package.metadata]
requires-dist = [{ name = "brotli", specifier = "==1.2.0" }]

[package.metadata.requires-dev]
dev = [
    { name = "basedpyright", specifier = ">=1.31.4" },
    { name = "ruff", specifier = ">=0.13.1" },
]

[[package]]
name = "nodejs-wheel-binaries"
version = "22.19.0"
source = { registry = "https://pypi.org/simple" }
sdist = { url = "https://files.pythonhosted.org/packages/bd/ca/6033f80b7aebc23cb31ed8b09608b6308c5273c3522aedd043e8a0644d83/nodejs_wheel_binaries-22.19.0.tar.gz", hash = "sha256:e69b97ef443d36a72602f7ed356c6a36323873230f894799f4270a853932fdb3", size = 8060, upload-time = "2025-09-12T10:33:46.935Z" }
wheels = [
    { url = "https://files.pythonhosted.org/packages/93/a2/0d055fd1d8c9a7a971c4db10cf42f3bba57c964beb6cf383ca053f2cdd20/nodejs_wheel_binaries-22.19.0-py2.py3-none-macosx_11_0_arm64.whl", hash = "sha256:43eca1526455a1fb4cb777095198f7ebe5111a4444749c87f5c2b84645aaa72a", size = 50902454, upload-time = "2025-09-12T10:33:18.3Z" },
    { url = "https://files.pythonhosted.org/packages/b5/f5/446f7b3c5be1d2f5145ffa3c9aac3496e06cdf0f436adeb21a1f95dd79a7/nodejs_wheel_binaries-22.19.0-py2.py3-none-macosx_11_0_x86_64.whl", hash = "sha256:feb06709e1320790d34babdf71d841ec7f28e4c73217d733e7f5023060a86bfc", size = 51837860, upload-time = "2025-09-12T10:33:21.599Z" },
    { url = "https://files.pythonhosted.org/packages/1e/4e/d0a036f04fd0f5dc3ae505430657044b8d9853c33be6b2d122bb171aaca3/nodejs_wheel_binaries-22.19.0-py2.py3-none-manylinux_2_17_aarch64.manylinux2014_aarch64.whl", hash = "sha256:db9f5777292491430457c99228d3a267decf12a09d31246f0692391e3513285e", size = 57841528, upload-time = "2025-09-12T10:33:25.433Z" },
    { url = "https://files.pythonhosted.org/packages/e2/11/4811d27819f229cc129925c170db20c12d4f01ad366a0066f06d6eb833cf/nodejs_wheel_binaries-22.19.0-py2.py3-none-manylinux_2_17_x86_64.manylinux2014_x86_64.whl", hash = "sha256:1392896f1a05a88a8a89b26e182d90fdf3020b4598a047807b91b65731e24c00", size = 58368815, upload-time = "2025-09-12T10:33:29.083Z" },
    { url = "https://files.pythonhosted.org/packages/6e/94/df41416856b980e38a7ff280cfb59f142a77955ccdbec7cc4260d8ab2e78/nodejs_wheel_binaries-22.19.0-py2.py3-none-musllinux_1_2_aarch64.whl", hash = "sha256:9164c876644f949cad665e3ada00f75023e18f381e78a1d7b60ccbbfb4086e73", size = 59690937, upload-time = "2025-09-12T10:33:32.771Z" },
    { url = "https://files.pythonhosted.org/packages/d1/39/8d0d5f84b7616bdc4eca725f5d64a1cfcac3d90cf3f30cae17d12f8e987f/nodejs_wheel_binaries-22.19.0-py2.py3-none-musllinux_1_2_x86_64.whl", hash = "sha256:6b4b75166134010bc9cfebd30dc57047796a27049fef3fc22316216d76bc0af7", size = 60751996, upload-time = "2025-09-12T10:33:36.962Z" },
    { url = "https://files.pythonhosted.org/packages/41/93/2d66b5b60055dd1de6e37e35bef563c15e4cafa5cfe3a6990e0ab358e515/nodejs_wheel_binaries-22.19.0-py2.py3-none-win_amd64.whl", hash = "sha256:3f271f5abfc71b052a6b074225eca8c1223a0f7216863439b86feaca814f6e5a", size = 40026140, upload-time = "2025-09-12T10:33:40.33Z" },
    { url = "https://files.pythonhosted.org/packages/a3/46/c9cf7ff7e3c71f07ca8331c939afd09b6e59fc85a2944ea9411e8b29ce50/nodejs_wheel_binaries-22.19.0-py2.py3-none-win_arm64.whl", hash = "sha256:666a355fe0c9bde44a9221cd543599b029045643c8196b8eedb44f28dc192e06", size = 38804500, upload-time = "2025-09-12T10:33:43.302Z" },
]

[[package]]
name = "ruff"
version = "0.14.14"
source = { registry = "https://pypi.org/simple" }
sdist = { url = "https://files.pythonhosted.org/packages/2e/06/f71e3a86b2df0dfa2d2f72195941cd09b44f87711cb7fa5193732cb9a5fc/ruff-0.14.14.tar.gz", hash = "sha256:2d0f819c9a90205f3a867dbbd0be083bee9912e170fd7d9704cc8ae45824896b", size = 4515732, upload-time = "2026-01-22T22:30:17.527Z" }
wheels = [
    { url = "https://files.pythonhosted.org/packages/d2/89/20a12e97bc6b9f9f68343952da08a8099c57237aef953a56b82711d55edd/ruff-0.14.14-py3-none-linux_armv6l.whl", hash = "sha256:7cfe36b56e8489dee8fbc777c61959f60ec0f1f11817e8f2415f429552846aed", size = 10467650, upload-time = "2026-01-22T22:30:08.578Z" },
    { url = "https://files.pythonhosted.org/packages/a3/b1/c5de3fd2d5a831fcae21beda5e3589c0ba67eec8202e992388e4b17a6040/ruff-0.14.14-py3-none-macosx_10_12_x86_64.whl", hash = "sha256:6006a0082336e7920b9573ef8a7f52eec837add1265cc74e04ea8a4368cd704c", size = 10883245, upload-time = "2026-01-22T22:30:04.155Z" },
    { url = "https://files.pythonhosted.org/packages/b8/7c/3c1db59a10e7490f8f6f8559d1db8636cbb13dccebf18686f4e3c9d7c772/ruff-0.14.14-py3-none-macosx_11_0_arm64.whl", hash = "sha256:026c1d25996818f0bf498636686199d9bd0d9d6341c9c2c3b62e2a0198b758de", size = 10231273, upload-time = "2026-01-22T22:30:34.642Z" },
    { url = "https://files.pythonhosted.org/packages/a1/6e/5e0e0d9674be0f8581d1f5e0f0a04761203affce3232c1a1189d0e3b4dad/ruff-0.14.14-py3-none-manylinux_2_17_aarch64.manylinux2014_aarch64.whl", hash = "sha256:f666445819d31210b71e0a6d1c01e24447a20b85458eea25a25fe8142210ae0e", size = 10585753, upload-time = "2026-01-22T22:30:31.781Z" },
    { url = "https://files.pythonhosted.org/packages/23/09/754ab09f46ff1884d422dc26d59ba18b4e5d355be147721bb2518aa2a014/ruff-0.14.14-py3-none-manylinux_2_17_armv7l.manylinux2014_armv7l.whl", hash = "sha256:3c0f18b922c6d2ff9a5e6c3ee16259adc513ca775bcf82c67ebab7cbd9da5bc8", size = 10286052, upload-time = "2026-01-22T22:30:24.827Z" },
    { url = "https://files.pythonhosted.org/packages/c8/cc/e71f88dd2a12afb5f50733851729d6b571a7c3a35bfdb16c3035132675a0/ruff-0.14.14-py3-none-manylinux_2_17_i686.manylinux2014_i686.whl", hash = "sha256:1629e67489c2dea43e8658c3dba659edbfd87361624b4040d1df04c9740ae906", size = 11043637, upload-time = "2026-01-22T22:30:13.239Z" },
    { url = "https://files.pythonhosted.org/packages/67/b2/397245026352494497dac935d7f00f1468c03a23a0c5db6ad8fc49ca3fb2/ruff-0.14.14-py3-none-manylinux_2_17_ppc64.manylinux2014_ppc64.whl", hash = "sha256:27493a2131ea0f899057d49d303e4292b2cae2bb57253c1ed1f256fbcd1da480", size = 12194761, upload-time = "2026-01-22T22:30:22.542Z" },
    { url = "https://files.pythonhosted.org/packages/5b/06/06ef271459f778323112c51b7587ce85230785cd64e91772034ddb88f200/ruff-0.14.14-py3-none-manylinux_2_17_ppc64le.manylinux2014_ppc64le.whl", hash = "sha256:01ff589aab3f5b539e35db38425da31a57521efd1e4ad1ae08fc34dbe30bd7df", size = 12005701, upload-time = "2026-01-22T22:30:20.499Z" },
    { url = "https://files.pythonhosted.org/packages/41/d6/99364514541cf811ccc5ac44362f88df66373e9fec1b9d1c4cc830593fe7/ruff-0.14.14-py3-none-manylinux_2_17_s390x.manylinux2014_s390x.whl", hash = "sha256:1cc12d74eef0f29f51775f5b755913eb523546b88e2d733e1d701fe65144e89b", size = 11282455, upload-time = "2026-01-22T22:29:59.679Z" },
    { url = "https://files.pythonhosted.org/packages/ca/71/37daa46f89475f8582b7762ecd2722492df26421714a33e72ccc9a84d7a5/ruff-0.14.14-py3-none-manylinux_2_17_x86_64.manylinux2014_x86_64.whl", hash = "sha256:bb8481604b7a9e75eff53772496201690ce2687067e038b3cc31aaf16aa0b974", size = 11215882, upload-time = "2026-01-22T22:29:57.032Z" },
    { url = "https://files.pythonhosted.org/packages/2c/10/a31f86169ec91c0705e618443ee74ede0bdd94da0a57b28e72db68b2dbac/ruff-0.14.14-py3-none-manylinux_2_31_riscv64.whl", hash = "sha256:14649acb1cf7b5d2d283ebd2f58d56b75836ed8c6f329664fa91cdea19e76e66", size = 11180549, upload-time = "2026-01-22T22:30:27.175Z" },
    { url = "https://files.pythonhosted.org/packages/fd/1e/c723f20536b5163adf79bdd10c5f093414293cdf567eed9bdb7b83940f3f/ruff-0.14.14-py3-none-musllinux_1_2_aarch64.whl", hash = "sha256:e8058d2145566510790eab4e2fad186002e288dec5e0d343a92fe7b0bc1b3e13", size = 10543416, upload-time = "2026-01-22T22:30:01.964Z" },
    { url = "https://files.pythonhosted.org/packages/3e/34/8a84cea7e42c2d94ba5bde1d7a4fae164d6318f13f933d92da6d7c2041ff/ruff-0.14.14-py3-none-musllinux_1_2_armv7l.whl", hash = "sha256:e651e977a79e4c758eb807f0481d673a67ffe53cfa92209781dfa3a996cf8412", size = 10285491, upload-time = "2026-01-22T22:30:29.51Z" },
    { url = "https://files.pythonhosted.org/packages/55/ef/b7c5ea0be82518906c978e365e56a77f8de7678c8bb6651ccfbdc178c29f/ruff-0.14.14-py3-none-musllinux_1_2_i686.whl", hash = "sha256:cc8b22da8d9d6fdd844a68ae937e2a0adf9b16514e9a97cc60355e2d4b219fc3", size = 10733525, upload-time = "2026-01-22T22:30:06.499Z" },
    { url = "https://files.pythonhosted.org/packages/6a/5b/aaf1dfbcc53a2811f6cc0a1759de24e4b03e02ba8762daabd9b6bd8c59e3/ruff-0.14.14-py3-none-musllinux_1_2_x86_64.whl", hash = "sha256:16bc890fb4cc9781bb05beb5ab4cd51be9e7cb376bf1dd3580512b24eb3fda2b", size = 11315626, upload-time = "2026-01-22T22:30:36.848Z" },
    { url = "https://files.pythonhosted.org/packages/2c/aa/9f89c719c467dfaf8ad799b9bae0df494513fb21d31a6059cb5870e57e74/ruff-0.14.14-py3-none-win32.whl", hash = "sha256:b530c191970b143375b6a68e6f743800b2b786bbcf03a7965b06c4bf04568167", size = 10502442, upload-time = "2026-01-22T22:30:38.93Z" },
    { url = "https://files.pythonhosted.org/packages/87/44/90fa543014c45560cae1fffc63ea059fb3575ee6e1cb654562197e5d16fb/ruff-0.14.14-py3-none-win_amd64.whl", hash = "sha256:3dde1435e6b6fe5b66506c1dff67a421d0b7f6488d466f651c07f4cab3bf20fd", size = 11630486, upload-time = "2026-01-22T22:30:10.852Z" },
    { url = "https://files.pythonhosted.org/packages/9e/6a/40fee331a52339926a92e17ae748827270b288a35ef4a15c9c8f2ec54715/ruff-0.14.14-py3-none-win_arm64.whl", hash = "sha256:56e6981a98b13a32236a72a8da421d7839221fa308b223b9283312312e5ac76c", size = 10920448, upload-time = "2026-01-22T22:30:15.417Z" },
]
